
Microsoft Visual Studio Solution File, Format Version 12.00
# Visual Studio Version 17
VisualStudioVersion = 17.6.33815.320
MinimumVisualStudioVersion = 10.0.40219.1
Project("{2150E333-8FDC-42A3-9474-1A3956D46DE8}") = "1.Apresentação", "1.Apresentação", "{2EC75D32-3D2B-4085-8CF4-E7873B6B6AC6}"
EndProject
Project("{2150E333-8FDC-42A3-9474-1A3956D46DE8}") = "2.Domínio", "2.Domínio", "{DE91C1E1-94FC-4B73-9D09-79FAF62285E4}"
EndProject
Project("{2150E333-8FDC-42A3-9474-1A3956D46DE8}") = "3.Infraestrutura", "3.Infraestrutura", "{C16995FA-E29B-48F4-A243-979092957CB2}"
EndProject
Project("{2150E333-8FDC-42A3-9474-1A3956D46DE8}") = "4.Aplicação", "4.Aplicação", "{052AC5EE-0715-468B-B83B-94F781D14F01}"
EndProject
Project("{2150E333-8FDC-42A3-9474-1A3956D46DE8}") = "5.Teste", "5.Teste", "{EB82187D-E233-4AE4-BC09-751C88F60191}"
EndProject
Project("{9A19103F-16F7-4668-BE54-9A1E7A4F7556}") = "LocadoraAutomoveis.WinApp", "LocadoraAutomoveis.WinApp\LocadoraAutomoveis.WinApp.csproj", "{14F9F3C2-D931-44CE-B0F6-CA7D59EA6E41}"
EndProject
Project("{9A19103F-16F7-4668-BE54-9A1E7A4F7556}") = "LocadoraAutomoveis.Dominio", "LocadoraAutomoveis\LocadoraAutomoveis.Dominio.csproj", "{C284E7B6-D33C-4B4B-954A-26962BEF1547}"
EndProject
Project("{2150E333-8FDC-42A3-9474-1A3956D46DE8}") = "3.1 Acesso Dados", "3.1 Acesso Dados", "{32B27B8C-3233-4575-99DD-080B43065CFF}"
EndProject
Project("{2150E333-8FDC-42A3-9474-1A3956D46DE8}") = "3.2 Massa Dados", "3.2 Massa Dados", "{F4F25AB8-7BF8-463F-8528-B99DD9CAD094}"
EndProject
Project("{2150E333-8FDC-42A3-9474-1A3956D46DE8}") = "3.3 PDF", "3.3 PDF", "{8A705B7D-9FD1-410C-B77D-1D4616DAF61E}"
EndProject
Project("{2150E333-8FDC-42A3-9474-1A3956D46DE8}") = "Banco de Dados", "Banco de Dados", "{4F5D9E93-4ECC-498E-BE8B-654613A955AE}"
EndProject
Project("{9A19103F-16F7-4668-BE54-9A1E7A4F7556}") = "LocadoraAutomoveis.Infra.Pdf", "LocadoraAutomoveis.Infra.Pdf\LocadoraAutomoveis.Infra.Pdf.csproj", "{3CAF12F6-9C4F-4FDF-B2AE-3A03BF32DC9A}"
EndProject
Project("{9A19103F-16F7-4668-BE54-9A1E7A4F7556}") = "LocadoraAutomoveis.Infra.MassaDados", "LocadoraAutomoveis.Infra.MassaDados\LocadoraAutomoveis.Infra.MassaDados.csproj", "{D3CE94BA-8B8C-4020-B74F-2E247C550FC7}"
EndProject
Project("{2150E333-8FDC-42A3-9474-1A3956D46DE8}") = "Orm", "Orm", "{9B6F1B60-66A5-4AAA-82B2-1D270C3E97F9}"
EndProject
Project("{9A19103F-16F7-4668-BE54-9A1E7A4F7556}") = "LocadoraAutomoveis.Infra.Orm", "LocadoraAutomoveis.Infra.Orm\LocadoraAutomoveis.Infra.Orm.csproj", "{AA545EE5-04BC-474D-A121-3B3EFBE1E4E4}"
EndProject
Project("{2150E333-8FDC-42A3-9474-1A3956D46DE8}") = "5.1 Testes Unitários", "5.1 Testes Unitários", "{E6218219-104C-41C8-9C14-BA9E0C662D0E}"
EndProject
Project("{2150E333-8FDC-42A3-9474-1A3956D46DE8}") = "5.2 Testes Integração", "5.2 Testes Integração", "{02DFFBD8-39C3-4E9C-B812-FC003C4A772E}"
EndProject
Project("{9A19103F-16F7-4668-BE54-9A1E7A4F7556}") = "LocadoraAutomoveis.TestesUnitarios", "LocadoraAutomoveis.TestesUnitarios\LocadoraAutomoveis.TestesUnitarios.csproj", "{265E6681-C853-4A57-8E2D-319B74B5467F}"
EndProject
Project("{9A19103F-16F7-4668-BE54-9A1E7A4F7556}") = "LocadoraAutomoveis.TestesIntegracao", "LocadoraAutomoveis.TestesIntegracao\LocadoraAutomoveis.TestesIntegracao.csproj", "{5109305C-4592-4109-8D57-5200A4BFAE84}"
EndProject
Project("{9A19103F-16F7-4668-BE54-9A1E7A4F7556}") = "LocadoraAutomoveis.Aplicacao", "LocadoraAutomoveis.Aplicacao\LocadoraAutomoveis.Aplicacao.csproj", "{ACACECCE-EC13-4C6E-AC71-CAA4308A6513}"
EndProject
Project("{2150E333-8FDC-42A3-9474-1A3956D46DE8}") = "Arquivos", "Arquivos", "{52CF9698-F358-4419-96A9-0F3026177713}"
EndProject
Project("{9A19103F-16F7-4668-BE54-9A1E7A4F7556}") = "LocadoraAutomoveis.Infra.Arquivos", "LocadoraAutomoveis.Infra.Arquivos\LocadoraAutomoveis.Infra.Arquivos.csproj", "{1DCB84E5-9447-4E05-9557-FD0EF06A0B11}"
EndProject
Project("{2150E333-8FDC-42A3-9474-1A3956D46DE8}") = "3.4 Email", "3.4 Email", "{DCD5FFB2-2D3F-4C02-A713-35ECCF974CF6}"
EndProject
Project("{FAE04EC0-301F-11D3-BF4B-00C04F79EFBC}") = "LocadoraAutomovel.Infra.Email", "LocadoraAutomovel.Infra.Email\LocadoraAutomovel.Infra.Email.csproj", "{A80684E4-5229-41E2-B4D2-F5F7379632C7}"
EndProject
Global
	GlobalSection(SolutionConfigurationPlatforms) = preSolution
		Debug|Any CPU = Debug|Any CPU
		Release|Any CPU = Release|Any CPU
	EndGlobalSection
	GlobalSection(ProjectConfigurationPlatforms) = postSolution
		{14F9F3C2-D931-44CE-B0F6-CA7D59EA6E41}.Debug|Any CPU.ActiveCfg = Debug|Any CPU
		{14F9F3C2-D931-44CE-B0F6-CA7D59EA6E41}.Debug|Any CPU.Build.0 = Debug|Any CPU
		{14F9F3C2-D931-44CE-B0F6-CA7D59EA6E41}.Release|Any CPU.ActiveCfg = Release|Any CPU
		{14F9F3C2-D931-44CE-B0F6-CA7D59EA6E41}.Release|Any CPU.Build.0 = Release|Any CPU
		{C284E7B6-D33C-4B4B-954A-26962BEF1547}.Debug|Any CPU.ActiveCfg = Debug|Any CPU
		{C284E7B6-D33C-4B4B-954A-26962BEF1547}.Debug|Any CPU.Build.0 = Debug|Any CPU
		{C284E7B6-D33C-4B4B-954A-26962BEF1547}.Release|Any CPU.ActiveCfg = Release|Any CPU
		{C284E7B6-D33C-4B4B-954A-26962BEF1547}.Release|Any CPU.Build.0 = Release|Any CPU
		{3CAF12F6-9C4F-4FDF-B2AE-3A03BF32DC9A}.Debug|Any CPU.ActiveCfg = Debug|Any CPU
		{3CAF12F6-9C4F-4FDF-B2AE-3A03BF32DC9A}.Debug|Any CPU.Build.0 = Debug|Any CPU
		{3CAF12F6-9C4F-4FDF-B2AE-3A03BF32DC9A}.Release|Any CPU.ActiveCfg = Release|Any CPU
		{3CAF12F6-9C4F-4FDF-B2AE-3A03BF32DC9A}.Release|Any CPU.Build.0 = Release|Any CPU
		{D3CE94BA-8B8C-4020-B74F-2E247C550FC7}.Debug|Any CPU.ActiveCfg = Debug|Any CPU
		{D3CE94BA-8B8C-4020-B74F-2E247C550FC7}.Debug|Any CPU.Build.0 = Debug|Any CPU
		{D3CE94BA-8B8C-4020-B74F-2E247C550FC7}.Release|Any CPU.ActiveCfg = Release|Any CPU
		{D3CE94BA-8B8C-4020-B74F-2E247C550FC7}.Release|Any CPU.Build.0 = Release|Any CPU
		{AA545EE5-04BC-474D-A121-3B3EFBE1E4E4}.Debug|Any CPU.ActiveCfg = Debug|Any CPU
		{AA545EE5-04BC-474D-A121-3B3EFBE1E4E4}.Debug|Any CPU.Build.0 = Debug|Any CPU
		{AA545EE5-04BC-474D-A121-3B3EFBE1E4E4}.Release|Any CPU.ActiveCfg = Release|Any CPU
		{AA545EE5-04BC-474D-A121-3B3EFBE1E4E4}.Release|Any CPU.Build.0 = Release|Any CPU
		{265E6681-C853-4A57-8E2D-319B74B5467F}.Debug|Any CPU.ActiveCfg = Debug|Any CPU
		{265E6681-C853-4A57-8E2D-319B74B5467F}.Debug|Any CPU.Build.0 = Debug|Any CPU
		{265E6681-C853-4A57-8E2D-319B74B5467F}.Release|Any CPU.ActiveCfg = Release|Any CPU
		{265E6681-C853-4A57-8E2D-319B74B5467F}.Release|Any CPU.Build.0 = Release|Any CPU
		{5109305C-4592-4109-8D57-5200A4BFAE84}.Debug|Any CPU.ActiveCfg = Debug|Any CPU
		{5109305C-4592-4109-8D57-5200A4BFAE84}.Debug|Any CPU.Build.0 = Debug|Any CPU
		{5109305C-4592-4109-8D57-5200A4BFAE84}.Release|Any CPU.ActiveCfg = Release|Any CPU
		{5109305C-4592-4109-8D57-5200A4BFAE84}.Release|Any CPU.Build.0 = Release|Any CPU
		{ACACECCE-EC13-4C6E-AC71-CAA4308A6513}.Debug|Any CPU.ActiveCfg = Debug|Any CPU
		{ACACECCE-EC13-4C6E-AC71-CAA4308A6513}.Debug|Any CPU.Build.0 = Debug|Any CPU
		{ACACECCE-EC13-4C6E-AC71-CAA4308A6513}.Release|Any CPU.ActiveCfg = Release|Any CPU
		{ACACECCE-EC13-4C6E-AC71-CAA4308A6513}.Release|Any CPU.Build.0 = Release|Any CPU
		{1DCB84E5-9447-4E05-9557-FD0EF06A0B11}.Debug|Any CPU.ActiveCfg = Debug|Any CPU
		{1DCB84E5-9447-4E05-9557-FD0EF06A0B11}.Debug|Any CPU.Build.0 = Debug|Any CPU
		{1DCB84E5-9447-4E05-9557-FD0EF06A0B11}.Release|Any CPU.ActiveCfg = Release|Any CPU
		{1DCB84E5-9447-4E05-9557-FD0EF06A0B11}.Release|Any CPU.Build.0 = Release|Any CPU
		{A80684E4-5229-41E2-B4D2-F5F7379632C7}.Debug|Any CPU.ActiveCfg = Debug|Any CPU
		{A80684E4-5229-41E2-B4D2-F5F7379632C7}.Debug|Any CPU.Build.0 = Debug|Any CPU
		{A80684E4-5229-41E2-B4D2-F5F7379632C7}.Release|Any CPU.ActiveCfg = Release|Any CPU
		{A80684E4-5229-41E2-B4D2-F5F7379632C7}.Release|Any CPU.Build.0 = Release|Any CPU
	EndGlobalSection
	GlobalSection(SolutionProperties) = preSolution
		HideSolutionNode = FALSE
	EndGlobalSection
	GlobalSection(NestedProjects) = preSolution
		{14F9F3C2-D931-44CE-B0F6-CA7D59EA6E41} = {2EC75D32-3D2B-4085-8CF4-E7873B6B6AC6}
		{C284E7B6-D33C-4B4B-954A-26962BEF1547} = {DE91C1E1-94FC-4B73-9D09-79FAF62285E4}
		{32B27B8C-3233-4575-99DD-080B43065CFF} = {C16995FA-E29B-48F4-A243-979092957CB2}
		{F4F25AB8-7BF8-463F-8528-B99DD9CAD094} = {C16995FA-E29B-48F4-A243-979092957CB2}
		{8A705B7D-9FD1-410C-B77D-1D4616DAF61E} = {C16995FA-E29B-48F4-A243-979092957CB2}
		{4F5D9E93-4ECC-498E-BE8B-654613A955AE} = {32B27B8C-3233-4575-99DD-080B43065CFF}
		{3CAF12F6-9C4F-4FDF-B2AE-3A03BF32DC9A} = {8A705B7D-9FD1-410C-B77D-1D4616DAF61E}
		{D3CE94BA-8B8C-4020-B74F-2E247C550FC7} = {F4F25AB8-7BF8-463F-8528-B99DD9CAD094}
		{9B6F1B60-66A5-4AAA-82B2-1D270C3E97F9} = {4F5D9E93-4ECC-498E-BE8B-654613A955AE}
		{AA545EE5-04BC-474D-A121-3B3EFBE1E4E4} = {9B6F1B60-66A5-4AAA-82B2-1D270C3E97F9}
		{E6218219-104C-41C8-9C14-BA9E0C662D0E} = {EB82187D-E233-4AE4-BC09-751C88F60191}
		{02DFFBD8-39C3-4E9C-B812-FC003C4A772E} = {EB82187D-E233-4AE4-BC09-751C88F60191}
		{265E6681-C853-4A57-8E2D-319B74B5467F} = {E6218219-104C-41C8-9C14-BA9E0C662D0E}
		{5109305C-4592-4109-8D57-5200A4BFAE84} = {02DFFBD8-39C3-4E9C-B812-FC003C4A772E}
		{ACACECCE-EC13-4C6E-AC71-CAA4308A6513} = {052AC5EE-0715-468B-B83B-94F781D14F01}
		{52CF9698-F358-4419-96A9-0F3026177713} = {32B27B8C-3233-4575-99DD-080B43065CFF}
		{1DCB84E5-9447-4E05-9557-FD0EF06A0B11} = {52CF9698-F358-4419-96A9-0F3026177713}
		{DCD5FFB2-2D3F-4C02-A713-35ECCF974CF6} = {C16995FA-E29B-48F4-A243-979092957CB2}
		{A80684E4-5229-41E2-B4D2-F5F7379632C7} = {DCD5FFB2-2D3F-4C02-A713-35ECCF974CF6}
	EndGlobalSection
	GlobalSection(ExtensibilityGlobals) = postSolution
		SolutionGuid = {713774E6-F39E-4C74-8662-C5ED2F42C7D1}
	EndGlobalSection
EndGlobal
